{
  "version": 4,
  "terraform_version": "1.9.7",
  "serial": 8,
  "lineage": "dae059f5-94a7-621f-ce95-96a7355c9dd7",
  "outputs": {
    "endpoint": {
      "value": "https://7860C5C72D39C7BC71774A2B48CE48D8.gr7.us-east-1.eks.amazonaws.com",
      "type": "string"
    },
    "kubeconfig-certificate-authority-data": {
      "value": "LS0tLS1CRUdJTiBDRVJUSUZJQ0FURS0tLS0tCk1JSURCVENDQWUyZ0F3SUJBZ0lJRnRPbmxSL05Gdm93RFFZSktvWklodmNOQVFFTEJRQXdGVEVUTUJFR0ExVUUKQXhNS2EzVmlaWEp1WlhSbGN6QWVGdzB5TkRFd01UQXhOVEl3TkRWYUZ3MHpOREV3TURneE5USTFORFZhTUJVeApFekFSQmdOVkJBTVRDbXQxWW1WeWJtVjBaWE13Z2dFaU1BMEdDU3FHU0liM0RRRUJBUVVBQTRJQkR3QXdnZ0VLCkFvSUJBUURrU2psMUd0Q1NnemxoR1BHSktaVGtuUFFHSEtoSExqMERRcDUwc0kwSmZ2T0U1ZTBPMVFMSDlLc00KK25SYldpMTRxeFpkUE1ZVmF0bW5JRjdYSkV1Q2lkRjNTbkhOdFJQalBwVHlCbWNPcy9RL3JpYzVPSVphU3NZOApqbmwrbDRUcFo0aU8zd2R2SDZEZDV1Q3Mya3VHL2QzQThobFdOUVZOZ001TnZEK2J2Ukk4Z1E3bWJoM1dFclpGCnBQb2ZWclF1cFBWMm0wbG82alFjS2F5U3lVNUJjeG5hd0JNa0l6K3hpYVBPQWVTVlcrNDV4OStndXNxQUQ5SE8KMDNqUmVDMDc5eDhObDk0SlFLZk0zRUZXYUFGeE1pdEhYTFBqMGNqeFE5UERocThVWGZCK0owY3hDZnJjRDU2TwpZcU00ZnZ1TnBXL0VsTEYvM1BhdUpqSnRXa25iQWdNQkFBR2pXVEJYTUE0R0ExVWREd0VCL3dRRUF3SUNwREFQCkJnTlZIUk1CQWY4RUJUQURBUUgvTUIwR0ExVWREZ1FXQkJUa1RrU1hFWFhyeFVDaFhRUnVlbldQaTk2U1BqQVYKQmdOVkhSRUVEakFNZ2dwcmRXSmxjbTVsZEdWek1BMEdDU3FHU0liM0RRRUJDd1VBQTRJQkFRQ3ZJMncrYmJLTApqenZkbnp6U2F1cDRSbHY0aEIyUHNNT29BbzRSYUptalB1ZTRYMCtzTXlVSXJhQjdnZHBsUnJQOHN4M0VIL3ZzCjFZWktpRlRqNHFGaVpIVUFhRUNsR1JVZ09lOU9Xd1JKRk9EeHJMSjBNV1hhVFd4a2htdE5UTFozbDV4YlBWc0kKQmRiTFJFN2JUSVJORmx1YUlNV20wUG1EYk1zclZseUFjbUQzK3lwcjZabUNYdGVzREJQMGNJZ0NmUzJpWG9SZwpYYUF6M2pPYXdGTlF1ckFzRkhmSmMxa05ZYXhEeEl5VlNmalNXNGJHRmUrMTA0bjRaVW1pQUpCYTlEQVVZT1JlCkZMdktqTnd6R1dyZHlEb28zMENDWjQ4enJYVkEvaFd2S2Yra3AxeEVSN0YyUHhQdDVocXBiLys3QmZLZ1ZqR1kKeXdoL0hERWtvejczCi0tLS0tRU5EIENFUlRJRklDQVRFLS0tLS0K",
      "type": "string"
    }
  },
  "resources": [
    {
      "mode": "managed",
      "type": "aws_eks_addon",
      "name": "coredns",
      "provider": "provider[\"registry.terraform.io/hashicorp/aws\"]",
      "instances": [
        {
          "schema_version": 0,
          "attributes": {
            "addon_name": "coredns",
            "addon_version": "v1.11.1-eksbuild.4",
            "arn": "arn:aws:eks:us-east-1:268005715929:addon/production-environment/coredns/d6c93b87-51e3-04ed-33c8-8042cf43d533",
            "cluster_name": "production-environment",
            "configuration_values": "",
            "created_at": "2024-10-10T15:31:41Z",
            "id": "production-environment:coredns",
            "modified_at": "2024-10-10T15:31:55Z",
            "preserve": null,
            "resolve_conflicts": null,
            "resolve_conflicts_on_create": null,
            "resolve_conflicts_on_update": null,
            "service_account_role_arn": "",
            "tags": null,
            "tags_all": {},
            "timeouts": null
          },
          "sensitive_attributes": [],
          "private": "eyJlMmJmYjczMC1lY2FhLTExZTYtOGY4OC0zNDM2M2JjN2M0YzAiOnsiY3JlYXRlIjoxMjAwMDAwMDAwMDAwLCJkZWxldGUiOjI0MDAwMDAwMDAwMDAsInVwZGF0ZSI6MTIwMDAwMDAwMDAwMH19",
          "dependencies": [
            "aws_eks_cluster.production_cluster",
            "aws_eks_node_group.prod_node_group"
          ]
        }
      ]
    },
    {
      "mode": "managed",
      "type": "aws_eks_addon",
      "name": "eks-pod-identity-agent",
      "provider": "provider[\"registry.terraform.io/hashicorp/aws\"]",
      "instances": [
        {
          "schema_version": 0,
          "attributes": {
            "addon_name": "eks-pod-identity-agent",
            "addon_version": "v1.2.0-eksbuild.1",
            "arn": "arn:aws:eks:us-east-1:268005715929:addon/production-environment/eks-pod-identity-agent/9ec93b86-5bf4-3d14-40ef-1bc396fc1547",
            "cluster_name": "production-environment",
            "configuration_values": "",
            "created_at": "2024-10-10T15:29:35Z",
            "id": "production-environment:eks-pod-identity-agent",
            "modified_at": "2024-10-10T15:29:41Z",
            "preserve": null,
            "resolve_conflicts": null,
            "resolve_conflicts_on_create": null,
            "resolve_conflicts_on_update": null,
            "service_account_role_arn": "",
            "tags": null,
            "tags_all": {},
            "timeouts": null
          },
          "sensitive_attributes": [],
          "private": "eyJlMmJmYjczMC1lY2FhLTExZTYtOGY4OC0zNDM2M2JjN2M0YzAiOnsiY3JlYXRlIjoxMjAwMDAwMDAwMDAwLCJkZWxldGUiOjI0MDAwMDAwMDAwMDAsInVwZGF0ZSI6MTIwMDAwMDAwMDAwMH19",
          "dependencies": [
            "aws_eks_cluster.production_cluster"
          ]
        }
      ]
    },
    {
      "mode": "managed",
      "type": "aws_eks_addon",
      "name": "kube-proxy",
      "provider": "provider[\"registry.terraform.io/hashicorp/aws\"]",
      "instances": [
        {
          "schema_version": 0,
          "attributes": {
            "addon_name": "kube-proxy",
            "addon_version": "v1.29.0-eksbuild.1",
            "arn": "arn:aws:eks:us-east-1:268005715929:addon/production-environment/kube-proxy/b0c93b86-5bf9-abfb-06ee-4aab070a0660",
            "cluster_name": "production-environment",
            "configuration_values": "",
            "created_at": "2024-10-10T15:29:35Z",
            "id": "production-environment:kube-proxy",
            "modified_at": "2024-10-10T15:29:42Z",
            "preserve": null,
            "resolve_conflicts": null,
            "resolve_conflicts_on_create": null,
            "resolve_conflicts_on_update": null,
            "service_account_role_arn": "",
            "tags": null,
            "tags_all": {},
            "timeouts": null
          },
          "sensitive_attributes": [],
          "private": "eyJlMmJmYjczMC1lY2FhLTExZTYtOGY4OC0zNDM2M2JjN2M0YzAiOnsiY3JlYXRlIjoxMjAwMDAwMDAwMDAwLCJkZWxldGUiOjI0MDAwMDAwMDAwMDAsInVwZGF0ZSI6MTIwMDAwMDAwMDAwMH19",
          "dependencies": [
            "aws_eks_cluster.production_cluster"
          ]
        }
      ]
    },
    {
      "mode": "managed",
      "type": "aws_eks_addon",
      "name": "vpc-cni",
      "provider": "provider[\"registry.terraform.io/hashicorp/aws\"]",
      "instances": [
        {
          "schema_version": 0,
          "attributes": {
            "addon_name": "vpc-cni",
            "addon_version": "v1.16.0-eksbuild.1",
            "arn": "arn:aws:eks:us-east-1:268005715929:addon/production-environment/vpc-cni/d2c93b86-5bf9-52c1-141d-a83e191cacb2",
            "cluster_name": "production-environment",
            "configuration_values": "",
            "created_at": "2024-10-10T15:29:35Z",
            "id": "production-environment:vpc-cni",
            "modified_at": "2024-10-10T15:29:44Z",
            "preserve": null,
            "resolve_conflicts": null,
            "resolve_conflicts_on_create": null,
            "resolve_conflicts_on_update": null,
            "service_account_role_arn": "",
            "tags": null,
            "tags_all": {},
            "timeouts": null
          },
          "sensitive_attributes": [],
          "private": "eyJlMmJmYjczMC1lY2FhLTExZTYtOGY4OC0zNDM2M2JjN2M0YzAiOnsiY3JlYXRlIjoxMjAwMDAwMDAwMDAwLCJkZWxldGUiOjI0MDAwMDAwMDAwMDAsInVwZGF0ZSI6MTIwMDAwMDAwMDAwMH19",
          "dependencies": [
            "aws_eks_cluster.production_cluster"
          ]
        }
      ]
    },
    {
      "mode": "managed",
      "type": "aws_eks_cluster",
      "name": "production_cluster",
      "provider": "provider[\"registry.terraform.io/hashicorp/aws\"]",
      "instances": [
        {
          "schema_version": 1,
          "attributes": {
            "access_config": [
              {
                "authentication_mode": "CONFIG_MAP",
                "bootstrap_cluster_creator_admin_permissions": true
              }
            ],
            "arn": "arn:aws:eks:us-east-1:268005715929:cluster/production-environment",
            "bootstrap_self_managed_addons": true,
            "certificate_authority": [
              {
                "data": "LS0tLS1CRUdJTiBDRVJUSUZJQ0FURS0tLS0tCk1JSURCVENDQWUyZ0F3SUJBZ0lJRnRPbmxSL05Gdm93RFFZSktvWklodmNOQVFFTEJRQXdGVEVUTUJFR0ExVUUKQXhNS2EzVmlaWEp1WlhSbGN6QWVGdzB5TkRFd01UQXhOVEl3TkRWYUZ3MHpOREV3TURneE5USTFORFZhTUJVeApFekFSQmdOVkJBTVRDbXQxWW1WeWJtVjBaWE13Z2dFaU1BMEdDU3FHU0liM0RRRUJBUVVBQTRJQkR3QXdnZ0VLCkFvSUJBUURrU2psMUd0Q1NnemxoR1BHSktaVGtuUFFHSEtoSExqMERRcDUwc0kwSmZ2T0U1ZTBPMVFMSDlLc00KK25SYldpMTRxeFpkUE1ZVmF0bW5JRjdYSkV1Q2lkRjNTbkhOdFJQalBwVHlCbWNPcy9RL3JpYzVPSVphU3NZOApqbmwrbDRUcFo0aU8zd2R2SDZEZDV1Q3Mya3VHL2QzQThobFdOUVZOZ001TnZEK2J2Ukk4Z1E3bWJoM1dFclpGCnBQb2ZWclF1cFBWMm0wbG82alFjS2F5U3lVNUJjeG5hd0JNa0l6K3hpYVBPQWVTVlcrNDV4OStndXNxQUQ5SE8KMDNqUmVDMDc5eDhObDk0SlFLZk0zRUZXYUFGeE1pdEhYTFBqMGNqeFE5UERocThVWGZCK0owY3hDZnJjRDU2TwpZcU00ZnZ1TnBXL0VsTEYvM1BhdUpqSnRXa25iQWdNQkFBR2pXVEJYTUE0R0ExVWREd0VCL3dRRUF3SUNwREFQCkJnTlZIUk1CQWY4RUJUQURBUUgvTUIwR0ExVWREZ1FXQkJUa1RrU1hFWFhyeFVDaFhRUnVlbldQaTk2U1BqQVYKQmdOVkhSRUVEakFNZ2dwcmRXSmxjbTVsZEdWek1BMEdDU3FHU0liM0RRRUJDd1VBQTRJQkFRQ3ZJMncrYmJLTApqenZkbnp6U2F1cDRSbHY0aEIyUHNNT29BbzRSYUptalB1ZTRYMCtzTXlVSXJhQjdnZHBsUnJQOHN4M0VIL3ZzCjFZWktpRlRqNHFGaVpIVUFhRUNsR1JVZ09lOU9Xd1JKRk9EeHJMSjBNV1hhVFd4a2htdE5UTFozbDV4YlBWc0kKQmRiTFJFN2JUSVJORmx1YUlNV20wUG1EYk1zclZseUFjbUQzK3lwcjZabUNYdGVzREJQMGNJZ0NmUzJpWG9SZwpYYUF6M2pPYXdGTlF1ckFzRkhmSmMxa05ZYXhEeEl5VlNmalNXNGJHRmUrMTA0bjRaVW1pQUpCYTlEQVVZT1JlCkZMdktqTnd6R1dyZHlEb28zMENDWjQ4enJYVkEvaFd2S2Yra3AxeEVSN0YyUHhQdDVocXBiLys3QmZLZ1ZqR1kKeXdoL0hERWtvejczCi0tLS0tRU5EIENFUlRJRklDQVRFLS0tLS0K"
              }
            ],
            "cluster_id": null,
            "created_at": "2024-10-10T15:21:08Z",
            "enabled_cluster_log_types": null,
            "encryption_config": [],
            "endpoint": "https://7860C5C72D39C7BC71774A2B48CE48D8.gr7.us-east-1.eks.amazonaws.com",
            "id": "production-environment",
            "identity": [
              {
                "oidc": [
                  {
                    "issuer": "https://oidc.eks.us-east-1.amazonaws.com/id/7860C5C72D39C7BC71774A2B48CE48D8"
                  }
                ]
              }
            ],
            "kubernetes_network_config": [
              {
                "ip_family": "ipv4",
                "service_ipv4_cidr": "10.100.0.0/16",
                "service_ipv6_cidr": ""
              }
            ],
            "name": "production-environment",
            "outpost_config": [],
            "platform_version": "eks.13",
            "role_arn": "arn:aws:iam::268005715929:role/LabRole",
            "status": "ACTIVE",
            "tags": null,
            "tags_all": {},
            "timeouts": null,
            "upgrade_policy": [
              {
                "support_type": "EXTENDED"
              }
            ],
            "version": "1.29",
            "vpc_config": [
              {
                "cluster_security_group_id": "sg-05a71a97f7448e898",
                "endpoint_private_access": false,
                "endpoint_public_access": true,
                "public_access_cidrs": [
                  "0.0.0.0/0"
                ],
                "security_group_ids": null,
                "subnet_ids": [
                  "subnet-01dcf3742099cfaeb",
                  "subnet-03609e1568ecf1b2a",
                  "subnet-0681c5f38adecd2da"
                ],
                "vpc_id": "vpc-0569fc86779a785f7"
              }
            ]
          },
          "sensitive_attributes": [],
          "private": "eyJlMmJmYjczMC1lY2FhLTExZTYtOGY4OC0zNDM2M2JjN2M0YzAiOnsiY3JlYXRlIjoxODAwMDAwMDAwMDAwLCJkZWxldGUiOjkwMDAwMDAwMDAwMCwidXBkYXRlIjozNjAwMDAwMDAwMDAwfSwic2NoZW1hX3ZlcnNpb24iOiIxIn0="
        }
      ]
    },
    {
      "mode": "managed",
      "type": "aws_eks_node_group",
      "name": "prod_node_group",
      "provider": "provider[\"registry.terraform.io/hashicorp/aws\"]",
      "instances": [
        {
          "schema_version": 0,
          "attributes": {
            "ami_type": "AL2_x86_64",
            "arn": "arn:aws:eks:us-east-1:268005715929:nodegroup/production-environment/production-nodes/92c93b86-5bf6-2559-cdae-7e206edb1c37",
            "capacity_type": "ON_DEMAND",
            "cluster_name": "production-environment",
            "disk_size": 20,
            "force_update_version": null,
            "id": "production-environment:production-nodes",
            "instance_types": [
              "t3.medium"
            ],
            "labels": null,
            "launch_template": [],
            "node_group_name": "production-nodes",
            "node_group_name_prefix": "",
            "node_role_arn": "arn:aws:iam::268005715929:role/LabRole",
            "release_version": "1.29.8-20240928",
            "remote_access": [],
            "resources": [
              {
                "autoscaling_groups": [
                  {
                    "name": "eks-production-nodes-92c93b86-5bf6-2559-cdae-7e206edb1c37"
                  }
                ],
                "remote_access_security_group_id": ""
              }
            ],
            "scaling_config": [
              {
                "desired_size": 3,
                "max_size": 4,
                "min_size": 3
              }
            ],
            "status": "ACTIVE",
            "subnet_ids": [
              "subnet-01dcf3742099cfaeb",
              "subnet-03609e1568ecf1b2a",
              "subnet-0681c5f38adecd2da"
            ],
            "tags": null,
            "tags_all": {},
            "taint": [],
            "timeouts": null,
            "update_config": [
              {
                "max_unavailable": 1,
                "max_unavailable_percentage": 0
              }
            ],
            "version": "1.29"
          },
          "sensitive_attributes": [],
          "private": "eyJlMmJmYjczMC1lY2FhLTExZTYtOGY4OC0zNDM2M2JjN2M0YzAiOnsiY3JlYXRlIjozNjAwMDAwMDAwMDAwLCJkZWxldGUiOjM2MDAwMDAwMDAwMDAsInVwZGF0ZSI6MzYwMDAwMDAwMDAwMH19",
          "dependencies": [
            "aws_eks_cluster.production_cluster"
          ]
        }
      ]
    }
  ],
  "check_results": null
}
