{
  "version": 4,
  "terraform_version": "1.9.6",
  "serial": 7,
  "lineage": "14ec68f0-1ac3-fcf6-2c65-587e5a937a14",
  "outputs": {
    "endpoint": {
      "value": "https://114ACF156AD6B9B1C9F1394F8EF0DC9F.gr7.us-east-1.eks.amazonaws.com",
      "type": "string"
    },
    "kubeconfig-certificate-authority-data": {
      "value": "LS0tLS1CRUdJTiBDRVJUSUZJQ0FURS0tLS0tCk1JSURCVENDQWUyZ0F3SUJBZ0lJVGxyZWM0YlZSS3N3RFFZSktvWklodmNOQVFFTEJRQXdGVEVUTUJFR0ExVUUKQXhNS2EzVmlaWEp1WlhSbGN6QWVGdzB5TkRFd01URXdPRFV3TVRoYUZ3MHpOREV3TURrd09EVTFNVGhhTUJVeApFekFSQmdOVkJBTVRDbXQxWW1WeWJtVjBaWE13Z2dFaU1BMEdDU3FHU0liM0RRRUJBUVVBQTRJQkR3QXdnZ0VLCkFvSUJBUUM0a2RuNFl6dzFXU21IakpsMWhiM0h5SEtQOEZLc0ZyQWUyNEltTG9EQVNFOG93L3E0YnNwRWpSU0oKY2t3Q3lYSUlBaTFSWTI5MTV1NkJ2aDAvOWNsK1ljS0pCQ2NGOWw1ZXg4bDl0WDQ2MW9EVFBOWnQ1cUg2RzAzWQo2aktQUzFwaDJwbVNLMTlWWnlkMEh6VEMwTStBdkQySE1ndmQ4M2F3ZDZ5RDh3Yk9IemtqbjAxWjB2UlRPTzMrCnJ4VDd3OFcvQmswMlFvaVhFMVJ3UEpvZTJCNjllK3hjbElydFdRQ2s3YjZSUmNSRFJLMVlwKys3TWUvQnk4TTgKdG00bklQbTZJTjZaSWxXL3RYenpzbUlhN0xGdlBjdTF3VG5vMndmZXV3dDF5NFVOWVBGUmk1UXprYndacm1QRQpzMkdWTkFrODFzbmgxdGQvY3grUFVtdzQ2TUZYQWdNQkFBR2pXVEJYTUE0R0ExVWREd0VCL3dRRUF3SUNwREFQCkJnTlZIUk1CQWY4RUJUQURBUUgvTUIwR0ExVWREZ1FXQkJRcy9NY1lyTjh1SXVTY0xUakJZdE8yckRhSG1UQVYKQmdOVkhSRUVEakFNZ2dwcmRXSmxjbTVsZEdWek1BMEdDU3FHU0liM0RRRUJDd1VBQTRJQkFRQ3lpTStUdjZLVgp2Q2kwa0RhNGtzV0pGbXlWaGV5WC9yYzR2T3djVW9ma3U1VmkxSjRqaTJndlVrWmhlQ253TUs1THFyMlBCc1cwCk1aQ09oU09ieEJWNHkrd25RMjFQV2xzcUw3K3B4SjlDbjVoRWZhMzRWdDNrWVg5V0NncHBTR0wrRWYyZE5TNUkKOTNxL1lTdDVOMnFjaE9rd1FVRi9FaC85c28yYXF4STR5OXpVWGs5dURnWDU5eERINTVURTZjY2dpMUhuMjQ4OApubE03MlV5YWVxcE10NEZTdUVXZ2N1SVVTVDJJVHdVUWs2MmVURDUrelg4VzZxd21hbEl0eXFlaGxRSHZBMWxjCm5UYnJLeWtXU0F3akdsZkNzcFFsa05zc1NhVUkzZHY3S3I3Wk5WelZKank4L2gwQndWRkZNTGtoZnY1RG1mTUYKb2dNQ0dGL3ZxeHhoCi0tLS0tRU5EIENFUlRJRklDQVRFLS0tLS0K",
      "type": "string"
    }
  },
  "resources": [
    {
      "mode": "managed",
      "type": "aws_eks_addon",
      "name": "coredns",
      "provider": "provider[\"registry.terraform.io/hashicorp/aws\"]",
      "instances": [
        {
          "schema_version": 0,
          "attributes": {
            "addon_name": "coredns",
            "addon_version": "v1.11.1-eksbuild.4",
            "arn": "arn:aws:eks:us-east-1:540789410226:addon/production-environment/coredns/6ac93d67-dcc6-751e-4f53-f5a0e7fc0807",
            "cluster_name": "production-environment",
            "configuration_values": "",
            "created_at": "2024-10-11T09:01:26Z",
            "id": "production-environment:coredns",
            "modified_at": "2024-10-11T09:02:11Z",
            "preserve": null,
            "resolve_conflicts": null,
            "resolve_conflicts_on_create": null,
            "resolve_conflicts_on_update": null,
            "service_account_role_arn": "",
            "tags": null,
            "tags_all": {},
            "timeouts": null
          },
          "sensitive_attributes": [],
          "private": "eyJlMmJmYjczMC1lY2FhLTExZTYtOGY4OC0zNDM2M2JjN2M0YzAiOnsiY3JlYXRlIjoxMjAwMDAwMDAwMDAwLCJkZWxldGUiOjI0MDAwMDAwMDAwMDAsInVwZGF0ZSI6MTIwMDAwMDAwMDAwMH19",
          "dependencies": [
            "aws_eks_cluster.production_cluster",
            "aws_eks_node_group.prod_node_group"
          ]
        }
      ]
    },
    {
      "mode": "managed",
      "type": "aws_eks_addon",
      "name": "eks-pod-identity-agent",
      "provider": "provider[\"registry.terraform.io/hashicorp/aws\"]",
      "instances": [
        {
          "schema_version": 0,
          "attributes": {
            "addon_name": "eks-pod-identity-agent",
            "addon_version": "v1.2.0-eksbuild.1",
            "arn": "arn:aws:eks:us-east-1:540789410226:addon/production-environment/eks-pod-identity-agent/6ec93d66-db06-004e-8d0d-a10b5d28baf9",
            "cluster_name": "production-environment",
            "configuration_values": "",
            "created_at": "2024-10-11T08:59:15Z",
            "id": "production-environment:eks-pod-identity-agent",
            "modified_at": "2024-10-11T08:59:21Z",
            "preserve": null,
            "resolve_conflicts": null,
            "resolve_conflicts_on_create": null,
            "resolve_conflicts_on_update": null,
            "service_account_role_arn": "",
            "tags": null,
            "tags_all": {},
            "timeouts": null
          },
          "sensitive_attributes": [],
          "private": "eyJlMmJmYjczMC1lY2FhLTExZTYtOGY4OC0zNDM2M2JjN2M0YzAiOnsiY3JlYXRlIjoxMjAwMDAwMDAwMDAwLCJkZWxldGUiOjI0MDAwMDAwMDAwMDAsInVwZGF0ZSI6MTIwMDAwMDAwMDAwMH19",
          "dependencies": [
            "aws_eks_cluster.production_cluster"
          ]
        }
      ]
    },
    {
      "mode": "managed",
      "type": "aws_eks_addon",
      "name": "kube-proxy",
      "provider": "provider[\"registry.terraform.io/hashicorp/aws\"]",
      "instances": [
        {
          "schema_version": 0,
          "attributes": {
            "addon_name": "kube-proxy",
            "addon_version": "v1.29.0-eksbuild.1",
            "arn": "arn:aws:eks:us-east-1:540789410226:addon/production-environment/kube-proxy/acc93d66-db00-b780-904a-be72c218063e",
            "cluster_name": "production-environment",
            "configuration_values": "",
            "created_at": "2024-10-11T08:59:15Z",
            "id": "production-environment:kube-proxy",
            "modified_at": "2024-10-11T08:59:22Z",
            "preserve": null,
            "resolve_conflicts": null,
            "resolve_conflicts_on_create": null,
            "resolve_conflicts_on_update": null,
            "service_account_role_arn": "",
            "tags": null,
            "tags_all": {},
            "timeouts": null
          },
          "sensitive_attributes": [],
          "private": "eyJlMmJmYjczMC1lY2FhLTExZTYtOGY4OC0zNDM2M2JjN2M0YzAiOnsiY3JlYXRlIjoxMjAwMDAwMDAwMDAwLCJkZWxldGUiOjI0MDAwMDAwMDAwMDAsInVwZGF0ZSI6MTIwMDAwMDAwMDAwMH19",
          "dependencies": [
            "aws_eks_cluster.production_cluster"
          ]
        }
      ]
    },
    {
      "mode": "managed",
      "type": "aws_eks_addon",
      "name": "vpc-cni",
      "provider": "provider[\"registry.terraform.io/hashicorp/aws\"]",
      "instances": [
        {
          "schema_version": 0,
          "attributes": {
            "addon_name": "vpc-cni",
            "addon_version": "v1.16.0-eksbuild.1",
            "arn": "arn:aws:eks:us-east-1:540789410226:addon/production-environment/vpc-cni/9ec93d66-db08-d875-dcd3-af8a1a6ad282",
            "cluster_name": "production-environment",
            "configuration_values": "",
            "created_at": "2024-10-11T08:59:15Z",
            "id": "production-environment:vpc-cni",
            "modified_at": "2024-10-11T08:59:24Z",
            "preserve": null,
            "resolve_conflicts": null,
            "resolve_conflicts_on_create": null,
            "resolve_conflicts_on_update": null,
            "service_account_role_arn": "",
            "tags": null,
            "tags_all": {},
            "timeouts": null
          },
          "sensitive_attributes": [],
          "private": "eyJlMmJmYjczMC1lY2FhLTExZTYtOGY4OC0zNDM2M2JjN2M0YzAiOnsiY3JlYXRlIjoxMjAwMDAwMDAwMDAwLCJkZWxldGUiOjI0MDAwMDAwMDAwMDAsInVwZGF0ZSI6MTIwMDAwMDAwMDAwMH19",
          "dependencies": [
            "aws_eks_cluster.production_cluster"
          ]
        }
      ]
    },
    {
      "mode": "managed",
      "type": "aws_eks_cluster",
      "name": "production_cluster",
      "provider": "provider[\"registry.terraform.io/hashicorp/aws\"]",
      "instances": [
        {
          "schema_version": 1,
          "attributes": {
            "access_config": [
              {
                "authentication_mode": "CONFIG_MAP",
                "bootstrap_cluster_creator_admin_permissions": true
              }
            ],
            "arn": "arn:aws:eks:us-east-1:540789410226:cluster/production-environment",
            "bootstrap_self_managed_addons": true,
            "certificate_authority": [
              {
                "data": "LS0tLS1CRUdJTiBDRVJUSUZJQ0FURS0tLS0tCk1JSURCVENDQWUyZ0F3SUJBZ0lJVGxyZWM0YlZSS3N3RFFZSktvWklodmNOQVFFTEJRQXdGVEVUTUJFR0ExVUUKQXhNS2EzVmlaWEp1WlhSbGN6QWVGdzB5TkRFd01URXdPRFV3TVRoYUZ3MHpOREV3TURrd09EVTFNVGhhTUJVeApFekFSQmdOVkJBTVRDbXQxWW1WeWJtVjBaWE13Z2dFaU1BMEdDU3FHU0liM0RRRUJBUVVBQTRJQkR3QXdnZ0VLCkFvSUJBUUM0a2RuNFl6dzFXU21IakpsMWhiM0h5SEtQOEZLc0ZyQWUyNEltTG9EQVNFOG93L3E0YnNwRWpSU0oKY2t3Q3lYSUlBaTFSWTI5MTV1NkJ2aDAvOWNsK1ljS0pCQ2NGOWw1ZXg4bDl0WDQ2MW9EVFBOWnQ1cUg2RzAzWQo2aktQUzFwaDJwbVNLMTlWWnlkMEh6VEMwTStBdkQySE1ndmQ4M2F3ZDZ5RDh3Yk9IemtqbjAxWjB2UlRPTzMrCnJ4VDd3OFcvQmswMlFvaVhFMVJ3UEpvZTJCNjllK3hjbElydFdRQ2s3YjZSUmNSRFJLMVlwKys3TWUvQnk4TTgKdG00bklQbTZJTjZaSWxXL3RYenpzbUlhN0xGdlBjdTF3VG5vMndmZXV3dDF5NFVOWVBGUmk1UXprYndacm1QRQpzMkdWTkFrODFzbmgxdGQvY3grUFVtdzQ2TUZYQWdNQkFBR2pXVEJYTUE0R0ExVWREd0VCL3dRRUF3SUNwREFQCkJnTlZIUk1CQWY4RUJUQURBUUgvTUIwR0ExVWREZ1FXQkJRcy9NY1lyTjh1SXVTY0xUakJZdE8yckRhSG1UQVYKQmdOVkhSRUVEakFNZ2dwcmRXSmxjbTVsZEdWek1BMEdDU3FHU0liM0RRRUJDd1VBQTRJQkFRQ3lpTStUdjZLVgp2Q2kwa0RhNGtzV0pGbXlWaGV5WC9yYzR2T3djVW9ma3U1VmkxSjRqaTJndlVrWmhlQ253TUs1THFyMlBCc1cwCk1aQ09oU09ieEJWNHkrd25RMjFQV2xzcUw3K3B4SjlDbjVoRWZhMzRWdDNrWVg5V0NncHBTR0wrRWYyZE5TNUkKOTNxL1lTdDVOMnFjaE9rd1FVRi9FaC85c28yYXF4STR5OXpVWGs5dURnWDU5eERINTVURTZjY2dpMUhuMjQ4OApubE03MlV5YWVxcE10NEZTdUVXZ2N1SVVTVDJJVHdVUWs2MmVURDUrelg4VzZxd21hbEl0eXFlaGxRSHZBMWxjCm5UYnJLeWtXU0F3akdsZkNzcFFsa05zc1NhVUkzZHY3S3I3Wk5WelZKank4L2gwQndWRkZNTGtoZnY1RG1mTUYKb2dNQ0dGL3ZxeHhoCi0tLS0tRU5EIENFUlRJRklDQVRFLS0tLS0K"
              }
            ],
            "cluster_id": null,
            "created_at": "2024-10-11T08:50:06Z",
            "enabled_cluster_log_types": null,
            "encryption_config": [],
            "endpoint": "https://114ACF156AD6B9B1C9F1394F8EF0DC9F.gr7.us-east-1.eks.amazonaws.com",
            "id": "production-environment",
            "identity": [
              {
                "oidc": [
                  {
                    "issuer": "https://oidc.eks.us-east-1.amazonaws.com/id/114ACF156AD6B9B1C9F1394F8EF0DC9F"
                  }
                ]
              }
            ],
            "kubernetes_network_config": [
              {
                "ip_family": "ipv4",
                "service_ipv4_cidr": "10.100.0.0/16",
                "service_ipv6_cidr": ""
              }
            ],
            "name": "production-environment",
            "outpost_config": [],
            "platform_version": "eks.13",
            "role_arn": "arn:aws:iam::540789410226:role/LabRole",
            "status": "ACTIVE",
            "tags": null,
            "tags_all": {},
            "timeouts": null,
            "upgrade_policy": [
              {
                "support_type": "EXTENDED"
              }
            ],
            "version": "1.29",
            "vpc_config": [
              {
                "cluster_security_group_id": "sg-0d9af85237930b7ba",
                "endpoint_private_access": false,
                "endpoint_public_access": true,
                "public_access_cidrs": [
                  "0.0.0.0/0"
                ],
                "security_group_ids": null,
                "subnet_ids": [
                  "subnet-0221a26c2daacbdd7",
                  "subnet-0352a68cb4f1a9b3b",
                  "subnet-09f008b76583d8cae",
                  "subnet-0db67585071973542"
                ],
                "vpc_id": "vpc-0d68568bd7918bfa2"
              }
            ]
          },
          "sensitive_attributes": [],
          "private": "eyJlMmJmYjczMC1lY2FhLTExZTYtOGY4OC0zNDM2M2JjN2M0YzAiOnsiY3JlYXRlIjoxODAwMDAwMDAwMDAwLCJkZWxldGUiOjkwMDAwMDAwMDAwMCwidXBkYXRlIjozNjAwMDAwMDAwMDAwfSwic2NoZW1hX3ZlcnNpb24iOiIxIn0="
        }
      ]
    },
    {
      "mode": "managed",
      "type": "aws_eks_node_group",
      "name": "prod_node_group",
      "provider": "provider[\"registry.terraform.io/hashicorp/aws\"]",
      "instances": [
        {
          "schema_version": 0,
          "attributes": {
            "ami_type": "AL2_x86_64",
            "arn": "arn:aws:eks:us-east-1:540789410226:nodegroup/production-environment/production-nodes/5ec93d66-db12-6109-3a50-9f725af58e83",
            "capacity_type": "ON_DEMAND",
            "cluster_name": "production-environment",
            "disk_size": 20,
            "force_update_version": null,
            "id": "production-environment:production-nodes",
            "instance_types": [
              "t3.medium"
            ],
            "labels": null,
            "launch_template": [],
            "node_group_name": "production-nodes",
            "node_group_name_prefix": "",
            "node_role_arn": "arn:aws:iam::540789410226:role/LabRole",
            "release_version": "1.29.8-20240928",
            "remote_access": [],
            "resources": [
              {
                "autoscaling_groups": [
                  {
                    "name": "eks-production-nodes-5ec93d66-db12-6109-3a50-9f725af58e83"
                  }
                ],
                "remote_access_security_group_id": ""
              }
            ],
            "scaling_config": [
              {
                "desired_size": 3,
                "max_size": 4,
                "min_size": 3
              }
            ],
            "status": "ACTIVE",
            "subnet_ids": [
              "subnet-0221a26c2daacbdd7",
              "subnet-0352a68cb4f1a9b3b",
              "subnet-09f008b76583d8cae",
              "subnet-0db67585071973542"
            ],
            "tags": null,
            "tags_all": {},
            "taint": [],
            "timeouts": null,
            "update_config": [
              {
                "max_unavailable": 1,
                "max_unavailable_percentage": 0
              }
            ],
            "version": "1.29"
          },
          "sensitive_attributes": [],
          "private": "eyJlMmJmYjczMC1lY2FhLTExZTYtOGY4OC0zNDM2M2JjN2M0YzAiOnsiY3JlYXRlIjozNjAwMDAwMDAwMDAwLCJkZWxldGUiOjM2MDAwMDAwMDAwMDAsInVwZGF0ZSI6MzYwMDAwMDAwMDAwMH19",
          "dependencies": [
            "aws_eks_cluster.production_cluster"
          ]
        }
      ]
    }
  ],
  "check_results": null
}
